<Solution>
  <Folder Name="/src/">
    <Project Path="src/BinlogMcp.Client/BinlogMcp.Client.csproj" />
    <Project Path="src/BinlogMcp.Visualization/BinlogMcp.Visualization.csproj" />
    <Project Path="src/BinlogMcp/BinlogMcp.csproj" />
  </Folder>
  <Folder Name="/tests/">
    <Project Path="tests/BinlogMcp.Tests/BinlogMcp.Tests.csproj" />
  </Folder>
</Solution>
